{
  "name": "liqd-ui-avatar",
  "version": "1.0.0",
  "lockfileVersion": 1,
  "requires": true,
  "dependencies": {
    "liqd-options": {
      "version": "1.0.7",
      "resolved": "https://registry.npmjs.org/liqd-options/-/liqd-options-1.0.7.tgz",
      "integrity": "sha512-G4rj6Mc5tRNMkC9ayT1DRUP2taCNeUi1OZS3mkKQR48xqB1piVviCM4traRzga6LXLSptJRcDz7vPkaKhtI2rw=="
    }
  }
}
