{
  "name": "liqd-ui-avatar",
  "version": "1.0.1",
  "lockfileVersion": 1,
  "requires": true,
  "dependencies": {
    "liqd-options": {
      "version": "1.0.8",
      "resolved": "https://registry.npmjs.org/liqd-options/-/liqd-options-1.0.8.tgz",
      "integrity": "sha512-9svgkaTfR02AHj3i0IMXQDe8WddqCyfWHkRwZM4+IuL1BtXXA0jN0AAVH3SVQTfAqi/Qt+r0qegrxQPpthDfHw=="
    }
  }
}
