{
  "name": "liqd-ui-avatar",
  "version": "1.0.0",
  "lockfileVersion": 1,
  "requires": true,
  "dependencies": {
    "liqd-options": {
      "version": "1.0.6",
      "resolved": "https://registry.npmjs.org/liqd-options/-/liqd-options-1.0.6.tgz",
      "integrity": "sha512-GodiIzwg5IfsaA6MQCUeyHv3uhDkIyN8XWm70kxgtPadQGpGKzyG7PR/drFLO+9N+ssNqqbaGrXCr+I2iP30ZA=="
    }
  }
}
